// !$*UTF8*$!
{
	archiveVersion = 1;
	classes = {
	};
	objectVersion = 46;
	objects = {

/* Begin PBXBuildFile section */
		0500DAD018AB8CE4000D1FF6 /* KUNotificationTargetsManagerTests.m in Sources */ = {isa = PBXBuildFile; fileRef = 0500DACF18AB8CE4000D1FF6 /* KUNotificationTargetsManagerTests.m */; };
		0520D83118A50076006ABD10 /* KUSavedResponsesManagerTests.m in Sources */ = {isa = PBXBuildFile; fileRef = 0520D83018A50076006ABD10 /* KUSavedResponsesManagerTests.m */; };
		052F700A18A9CAA400E5C916 /* KUNotifiationTargetTests.m in Sources */ = {isa = PBXBuildFile; fileRef = 052F700918A9CAA400E5C916 /* KUNotifiationTargetTests.m */; };
		05317B79190A7D28007A4882 /* InformationViewController.m in Sources */ = {isa = PBXBuildFile; fileRef = 05317B78190A7D28007A4882 /* InformationViewController.m */; };
		053EED8518E047C10060822B /* btn_change_station@2x.png in Resources */ = {isa = PBXBuildFile; fileRef = 053EED8418E047C10060822B /* btn_change_station@2x.png */; };
		053FA1E41899098900DA5A3F /* KUDBClient.m in Sources */ = {isa = PBXBuildFile; fileRef = 053FA1E31899098900DA5A3F /* KUDBClient.m */; };
		053FA1E718990B3300DA5A3F /* KUSearchCondition.m in Sources */ = {isa = PBXBuildFile; fileRef = 053FA1E618990B3300DA5A3F /* KUSearchCondition.m */; };
		0545DE5F189A5B7A008B55F5 /* KUSearchConditionTests.m in Sources */ = {isa = PBXBuildFile; fileRef = 0545DE5E189A5B7A008B55F5 /* KUSearchConditionTests.m */; };
		0545DE61189A5F2A008B55F5 /* KUDBClientTests.m in Sources */ = {isa = PBXBuildFile; fileRef = 0545DE60189A5F2A008B55F5 /* KUDBClientTests.m */; };
		0545DE64189A64CA008B55F5 /* KUSearchConditionManager.m in Sources */ = {isa = PBXBuildFile; fileRef = 0545DE63189A64CA008B55F5 /* KUSearchConditionManager.m */; };
		054C262518A5F6A700BC1F79 /* KUSavedResponsesManager.m in Sources */ = {isa = PBXBuildFile; fileRef = 05F8357218A4F15D00A1CA5B /* KUSavedResponsesManager.m */; };
		054C262618A5F6BE00BC1F79 /* KUClient.m in Sources */ = {isa = PBXBuildFile; fileRef = 05A7787F188A30D300B1026C /* KUClient.m */; };
		054C262818A5F80600BC1F79 /* libxml2.2.dylib in Frameworks */ = {isa = PBXBuildFile; fileRef = 054C262718A5F80600BC1F79 /* libxml2.2.dylib */; };
		054C262918A5FBF100BC1F79 /* libPods.a in Frameworks */ = {isa = PBXBuildFile; fileRef = 34F9F7F9724E48608E62F1F2 /* libPods.a */; };
		054C262A18A5FDF700BC1F79 /* KUResponse.m in Sources */ = {isa = PBXBuildFile; fileRef = 0591401918893B67009D87F9 /* KUResponse.m */; };
		054C262B18A5FE0D00BC1F79 /* KUSearchCondition.m in Sources */ = {isa = PBXBuildFile; fileRef = 053FA1E618990B3300DA5A3F /* KUSearchCondition.m */; };
		054C262C18A5FE2E00BC1F79 /* KUDBClient.m in Sources */ = {isa = PBXBuildFile; fileRef = 053FA1E31899098900DA5A3F /* KUDBClient.m */; };
		054C262D18A6026C00BC1F79 /* KUNotificationTarget.m in Sources */ = {isa = PBXBuildFile; fileRef = 05FC27F718A0E64A00C2A0F7 /* KUNotificationTarget.m */; };
		054C262E18A602F800BC1F79 /* HTMLNode.m in Sources */ = {isa = PBXBuildFile; fileRef = 057E0091188E8E5D00070F7D /* HTMLNode.m */; };
		054C262F18A6031300BC1F79 /* HTMLParser.m in Sources */ = {isa = PBXBuildFile; fileRef = 057E0093188E8E5D00070F7D /* HTMLParser.m */; };
		056D5A5218AF543B00BF2703 /* KUResponseTests.m in Sources */ = {isa = PBXBuildFile; fileRef = 056D5A5118AF543B00BF2703 /* KUResponseTests.m */; };
		056F38D818AF078000D4C264 /* InputViewControllerTests.m in Sources */ = {isa = PBXBuildFile; fileRef = 056F38D718AF078000D4C264 /* InputViewControllerTests.m */; };
		056FD1F218A9E05F00A7EE45 /* KUDifferencesManager.m in Sources */ = {isa = PBXBuildFile; fileRef = 056FD1F118A9E05F00A7EE45 /* KUDifferencesManager.m */; };
		056FD1F418A9E08900A7EE45 /* KUDifferencesManagerTests.m in Sources */ = {isa = PBXBuildFile; fileRef = 056FD1F318A9E08900A7EE45 /* KUDifferencesManagerTests.m */; };
		056FD1F718A9E88600A7EE45 /* KUDifference.m in Sources */ = {isa = PBXBuildFile; fileRef = 056FD1F618A9E88600A7EE45 /* KUDifference.m */; };
		056FD1F918A9E89F00A7EE45 /* KUDifferenceTests.m in Sources */ = {isa = PBXBuildFile; fileRef = 056FD1F818A9E89F00A7EE45 /* KUDifferenceTests.m */; };
		057E0094188E8E5D00070F7D /* HTMLNode.m in Sources */ = {isa = PBXBuildFile; fileRef = 057E0091188E8E5D00070F7D /* HTMLNode.m */; };
		057E0095188E8E5D00070F7D /* HTMLParser.m in Sources */ = {isa = PBXBuildFile; fileRef = 057E0093188E8E5D00070F7D /* HTMLParser.m */; };
		057E0097188E8FAF00070F7D /* KUResponseManagerTests.m in Sources */ = {isa = PBXBuildFile; fileRef = 057E0096188E8FAF00070F7D /* KUResponseManagerTests.m */; };
		057E0099188E944C00070F7D /* libxml2.dylib in Frameworks */ = {isa = PBXBuildFile; fileRef = 057E0098188E944C00070F7D /* libxml2.dylib */; };
		057E009A188E96D800070F7D /* libxml2.dylib in Frameworks */ = {isa = PBXBuildFile; fileRef = 057E0098188E944C00070F7D /* libxml2.dylib */; };
		0589B102188403F900DBE642 /* Foundation.framework in Frameworks */ = {isa = PBXBuildFile; fileRef = 0589B101188403F900DBE642 /* Foundation.framework */; };
		0589B104188403F900DBE642 /* CoreGraphics.framework in Frameworks */ = {isa = PBXBuildFile; fileRef = 0589B103188403F900DBE642 /* CoreGraphics.framework */; };
		0589B106188403F900DBE642 /* UIKit.framework in Frameworks */ = {isa = PBXBuildFile; fileRef = 0589B105188403F900DBE642 /* UIKit.framework */; };
		0589B10C188403F900DBE642 /* InfoPlist.strings in Resources */ = {isa = PBXBuildFile; fileRef = 0589B10A188403F900DBE642 /* InfoPlist.strings */; };
		0589B10E188403F900DBE642 /* main.m in Sources */ = {isa = PBXBuildFile; fileRef = 0589B10D188403F900DBE642 /* main.m */; };
		0589B112188403F900DBE642 /* AppDelegate.m in Sources */ = {isa = PBXBuildFile; fileRef = 0589B111188403F900DBE642 /* AppDelegate.m */; };
		0589B115188403F900DBE642 /* Main.storyboard in Resources */ = {isa = PBXBuildFile; fileRef = 0589B113188403F900DBE642 /* Main.storyboard */; };
		0589B11A188403F900DBE642 /* Images.xcassets in Resources */ = {isa = PBXBuildFile; fileRef = 0589B119188403F900DBE642 /* Images.xcassets */; };
		0589B121188403FA00DBE642 /* XCTest.framework in Frameworks */ = {isa = PBXBuildFile; fileRef = 0589B120188403FA00DBE642 /* XCTest.framework */; };
		0589B122188403FA00DBE642 /* Foundation.framework in Frameworks */ = {isa = PBXBuildFile; fileRef = 0589B101188403F900DBE642 /* Foundation.framework */; };
		0589B123188403FA00DBE642 /* UIKit.framework in Frameworks */ = {isa = PBXBuildFile; fileRef = 0589B105188403F900DBE642 /* UIKit.framework */; };
		0589B12B188403FA00DBE642 /* InfoPlist.strings in Resources */ = {isa = PBXBuildFile; fileRef = 0589B129188403FA00DBE642 /* InfoPlist.strings */; };
		059140071887E560009D87F9 /* InputViewController.m in Sources */ = {isa = PBXBuildFile; fileRef = 059140061887E560009D87F9 /* InputViewController.m */; };
		0591400D1887EA63009D87F9 /* MITextField.m in Sources */ = {isa = PBXBuildFile; fileRef = 0591400C1887EA63009D87F9 /* MITextField.m */; };
		05914014188932B7009D87F9 /* KUSearchParamManager.m in Sources */ = {isa = PBXBuildFile; fileRef = 05914013188932B7009D87F9 /* KUSearchParamManager.m */; };
		05914017188939B8009D87F9 /* ResultsViewController.m in Sources */ = {isa = PBXBuildFile; fileRef = 05914016188939B8009D87F9 /* ResultsViewController.m */; };
		0591401A18893B67009D87F9 /* KUResponse.m in Sources */ = {isa = PBXBuildFile; fileRef = 0591401918893B67009D87F9 /* KUResponse.m */; };
		0591401D18893D88009D87F9 /* KUResponseManager.m in Sources */ = {isa = PBXBuildFile; fileRef = 0591401C18893D88009D87F9 /* KUResponseManager.m */; };
		059AAEF718F2C40000E10A62 /* KUSearchConditionManagerTests.m in Sources */ = {isa = PBXBuildFile; fileRef = 059AAEF618F2C40000E10A62 /* KUSearchConditionManagerTests.m */; };
		05A77880188A30D300B1026C /* KUClient.m in Sources */ = {isa = PBXBuildFile; fileRef = 05A7787F188A30D300B1026C /* KUClient.m */; };
		05A77884188A35BA00B1026C /* KUClientTests.m in Sources */ = {isa = PBXBuildFile; fileRef = 05A77883188A35BA00B1026C /* KUClientTests.m */; };
		05B39DB918A67A0D0042F250 /* KUStationsManager.m in Sources */ = {isa = PBXBuildFile; fileRef = 05B39DB818A67A0D0042F250 /* KUStationsManager.m */; };
		05B39DBB18A67A530042F250 /* kUStationsManagerTests.m in Sources */ = {isa = PBXBuildFile; fileRef = 05B39DBA18A67A530042F250 /* kUStationsManagerTests.m */; };
		05B39DBD18A67FFA0042F250 /* StationsList.plist in Resources */ = {isa = PBXBuildFile; fileRef = 05B39DBC18A67FFA0042F250 /* StationsList.plist */; };
		05B39DBE18A680020042F250 /* StationsList.plist in Resources */ = {isa = PBXBuildFile; fileRef = 05B39DBC18A67FFA0042F250 /* StationsList.plist */; };
		05BB14B01945FE9B00A4480D /* btn_change_station.png in Resources */ = {isa = PBXBuildFile; fileRef = 05BB14AF1945FE9B00A4480D /* btn_change_station.png */; };
		05D7E241189CE93D00E9B04E /* ConditionsViewController.m in Sources */ = {isa = PBXBuildFile; fileRef = 05D7E240189CE93D00E9B04E /* ConditionsViewController.m */; };
		05D7E244189D035400E9B04E /* SavedResultViewController.m in Sources */ = {isa = PBXBuildFile; fileRef = 05D7E243189D035400E9B04E /* SavedResultViewController.m */; };
		05D7E26C189F971B00E9B04E /* KUButton.m in Sources */ = {isa = PBXBuildFile; fileRef = 05D7E26B189F971B00E9B04E /* KUButton.m */; };
		05D7E26F189F974A00E9B04E /* KUSwitch.m in Sources */ = {isa = PBXBuildFile; fileRef = 05D7E26E189F974A00E9B04E /* KUSwitch.m */; };
		05DFAAAA19642A01006D5AF2 /* libFlurry_5.1.0.a in Frameworks */ = {isa = PBXBuildFile; fileRef = 05DFAAA919642A01006D5AF2 /* libFlurry_5.1.0.a */; };
		05F8357318A4F15D00A1CA5B /* KUSavedResponsesManager.m in Sources */ = {isa = PBXBuildFile; fileRef = 05F8357218A4F15D00A1CA5B /* KUSavedResponsesManager.m */; };
		05FC27F818A0E64A00C2A0F7 /* KUNotificationTarget.m in Sources */ = {isa = PBXBuildFile; fileRef = 05FC27F718A0E64A00C2A0F7 /* KUNotificationTarget.m */; };
		05FC27FB18A1044A00C2A0F7 /* KUNotificationTargetsManager.m in Sources */ = {isa = PBXBuildFile; fileRef = 05FC27FA18A1044900C2A0F7 /* KUNotificationTargetsManager.m */; };
		3C656A90EF3C42AA91DBAB0D /* libPods.a in Frameworks */ = {isa = PBXBuildFile; fileRef = 34F9F7F9724E48608E62F1F2 /* libPods.a */; };
		E00942DD1C52819F00926DF1 /* KUDatePickerViewController.m in Sources */ = {isa = PBXBuildFile; fileRef = E00942DC1C52819F00926DF1 /* KUDatePickerViewController.m */; };
		E00942E41C5310E400926DF1 /* NSDate+IntegerDate.m in Sources */ = {isa = PBXBuildFile; fileRef = E00942E31C5310E400926DF1 /* NSDate+IntegerDate.m */; };
		E02464EC1C5516770037A44C /* KUReviewMusterController.m in Sources */ = {isa = PBXBuildFile; fileRef = E02464EB1C5516770037A44C /* KUReviewMusterController.m */; };
		E02464EE1C559EB70037A44C /* KUReviewMusterControllerTests.m in Sources */ = {isa = PBXBuildFile; fileRef = E02464ED1C559EB70037A44C /* KUReviewMusterControllerTests.m */; };
		E02464EF1C55A1410037A44C /* KUReviewMusterController.m in Sources */ = {isa = PBXBuildFile; fileRef = E02464EB1C5516770037A44C /* KUReviewMusterController.m */; };
		E02464F21C5841950037A44C /* NSUserDefaults+ClearAllData.m in Sources */ = {isa = PBXBuildFile; fileRef = E02464F11C5841950037A44C /* NSUserDefaults+ClearAllData.m */; };
		E02970F21C4BD589000C24CA /* TrainType.plist in Resources */ = {isa = PBXBuildFile; fileRef = E02970F11C4BD589000C24CA /* TrainType.plist */; };
		E02970F31C4BD589000C24CA /* TrainType.plist in Resources */ = {isa = PBXBuildFile; fileRef = E02970F11C4BD589000C24CA /* TrainType.plist */; };
		E04BE20F1C49277400F5EA50 /* KUFactory.m in Sources */ = {isa = PBXBuildFile; fileRef = E04BE20E1C49277400F5EA50 /* KUFactory.m */; };
		E04C22831C4A12A500B4B98C /* KUTabBarController.m in Sources */ = {isa = PBXBuildFile; fileRef = E04C22821C4A12A500B4B98C /* KUTabBarController.m */; };
		E066172B1C342ECF0033E9B4 /* Localizable.strings in Resources */ = {isa = PBXBuildFile; fileRef = E066172D1C342ECF0033E9B4 /* Localizable.strings */; };
		E0E2BE401C43ED110033128D /* InputViewController.m in Sources */ = {isa = PBXBuildFile; fileRef = 059140061887E560009D87F9 /* InputViewController.m */; };
		E0E2BE411C43ED500033128D /* KUDifference.m in Sources */ = {isa = PBXBuildFile; fileRef = 056FD1F618A9E88600A7EE45 /* KUDifference.m */; };
		E0E2BE421C43ED5D0033128D /* KUDifferencesManager.m in Sources */ = {isa = PBXBuildFile; fileRef = 056FD1F118A9E05F00A7EE45 /* KUDifferencesManager.m */; };
		E0E2BE431C43ED900033128D /* KUNotificationTargetsManager.m in Sources */ = {isa = PBXBuildFile; fileRef = 05FC27FA18A1044900C2A0F7 /* KUNotificationTargetsManager.m */; };
		E0E2BE441C43EDA60033128D /* KUResponseManager.m in Sources */ = {isa = PBXBuildFile; fileRef = 0591401C18893D88009D87F9 /* KUResponseManager.m */; };
		E0E2BE451C43EDC70033128D /* KUSearchConditionManager.m in Sources */ = {isa = PBXBuildFile; fileRef = 0545DE63189A64CA008B55F5 /* KUSearchConditionManager.m */; };
		E0E2BE461C43EDDF0033128D /* KUStationsManager.m in Sources */ = {isa = PBXBuildFile; fileRef = 05B39DB818A67A0D0042F250 /* KUStationsManager.m */; };
		E0E2BE471C43EE040033128D /* AppDelegate.m in Sources */ = {isa = PBXBuildFile; fileRef = 0589B111188403F900DBE642 /* AppDelegate.m */; };
		E0E874251C47EA5400504B33 /* Factory in Resources */ = {isa = PBXBuildFile; fileRef = E0E874241C47EA5400504B33 /* Factory */; };
		E0E874261C47EA5400504B33 /* Factory in Resources */ = {isa = PBXBuildFile; fileRef = E0E874241C47EA5400504B33 /* Factory */; };
		E0E966EF1C54EBF900EE4FC5 /* KUDatePickerViewController.m in Sources */ = {isa = PBXBuildFile; fileRef = E00942DC1C52819F00926DF1 /* KUDatePickerViewController.m */; };
/* End PBXBuildFile section */

/* Begin PBXContainerItemProxy section */
		0589B124188403FA00DBE642 /* PBXContainerItemProxy */ = {
			isa = PBXContainerItemProxy;
			containerPortal = 0589B0F6188403F900DBE642 /* Project object */;
			proxyType = 1;
			remoteGlobalIDString = 0589B0FD188403F900DBE642;
			remoteInfo = Kuseki;
		};
/* End PBXContainerItemProxy section */

/* Begin PBXFileReference section */
		0500DACF18AB8CE4000D1FF6 /* KUNotificationTargetsManagerTests.m */ = {isa = PBXFileReference; fileEncoding = 4; lastKnownFileType = sourcecode.c.objc; path = KUNotificationTargetsManagerTests.m; sourceTree = "<group>"; };
		0520D83018A50076006ABD10 /* KUSavedResponsesManagerTests.m */ = {isa = PBXFileReference; fileEncoding = 4; lastKnownFileType = sourcecode.c.objc; path = KUSavedResponsesManagerTests.m; sourceTree = "<group>"; };
		052F700918A9CAA400E5C916 /* KUNotifiationTargetTests.m */ = {isa = PBXFileReference; fileEncoding = 4; lastKnownFileType = sourcecode.c.objc; path = KUNotifiationTargetTests.m; sourceTree = "<group>"; };
		05317B77190A7D28007A4882 /* InformationViewController.h */ = {isa = PBXFileReference; fileEncoding = 4; lastKnownFileType = sourcecode.c.h; path = InformationViewController.h; sourceTree = "<group>"; };
		05317B78190A7D28007A4882 /* InformationViewController.m */ = {isa = PBXFileReference; fileEncoding = 4; lastKnownFileType = sourcecode.c.objc; path = InformationViewController.m; sourceTree = "<group>"; };
		053EED8418E047C10060822B /* btn_change_station@2x.png */ = {isa = PBXFileReference; lastKnownFileType = image.png; path = "btn_change_station@2x.png"; sourceTree = "<group>"; };
		053FA1E21899098900DA5A3F /* KUDBClient.h */ = {isa = PBXFileReference; fileEncoding = 4; lastKnownFileType = sourcecode.c.h; path = KUDBClient.h; sourceTree = "<group>"; };
		053FA1E31899098900DA5A3F /* KUDBClient.m */ = {isa = PBXFileReference; fileEncoding = 4; lastKnownFileType = sourcecode.c.objc; path = KUDBClient.m; sourceTree = "<group>"; };
		053FA1E518990B3300DA5A3F /* KUSearchCondition.h */ = {isa = PBXFileReference; fileEncoding = 4; lastKnownFileType = sourcecode.c.h; path = KUSearchCondition.h; sourceTree = "<group>"; };
		053FA1E618990B3300DA5A3F /* KUSearchCondition.m */ = {isa = PBXFileReference; fileEncoding = 4; lastKnownFileType = sourcecode.c.objc; path = KUSearchCondition.m; sourceTree = "<group>"; };
		0545DE5E189A5B7A008B55F5 /* KUSearchConditionTests.m */ = {isa = PBXFileReference; fileEncoding = 4; lastKnownFileType = sourcecode.c.objc; path = KUSearchConditionTests.m; sourceTree = "<group>"; };
		0545DE60189A5F2A008B55F5 /* KUDBClientTests.m */ = {isa = PBXFileReference; fileEncoding = 4; lastKnownFileType = sourcecode.c.objc; path = KUDBClientTests.m; sourceTree = "<group>"; };
		0545DE62189A64CA008B55F5 /* KUSearchConditionManager.h */ = {isa = PBXFileReference; fileEncoding = 4; lastKnownFileType = sourcecode.c.h; path = KUSearchConditionManager.h; sourceTree = "<group>"; };
		0545DE63189A64CA008B55F5 /* KUSearchConditionManager.m */ = {isa = PBXFileReference; fileEncoding = 4; lastKnownFileType = sourcecode.c.objc; path = KUSearchConditionManager.m; sourceTree = "<group>"; };
		054C262718A5F80600BC1F79 /* libxml2.2.dylib */ = {isa = PBXFileReference; lastKnownFileType = "compiled.mach-o.dylib"; name = libxml2.2.dylib; path = usr/lib/libxml2.2.dylib; sourceTree = SDKROOT; };
		056D5A5118AF543B00BF2703 /* KUResponseTests.m */ = {isa = PBXFileReference; fileEncoding = 4; lastKnownFileType = sourcecode.c.objc; path = KUResponseTests.m; sourceTree = "<group>"; };
		056F38D718AF078000D4C264 /* InputViewControllerTests.m */ = {isa = PBXFileReference; fileEncoding = 4; lastKnownFileType = sourcecode.c.objc; path = InputViewControllerTests.m; sourceTree = "<group>"; };
		056FD1F018A9E05F00A7EE45 /* KUDifferencesManager.h */ = {isa = PBXFileReference; fileEncoding = 4; lastKnownFileType = sourcecode.c.h; path = KUDifferencesManager.h; sourceTree = "<group>"; };
		056FD1F118A9E05F00A7EE45 /* KUDifferencesManager.m */ = {isa = PBXFileReference; fileEncoding = 4; lastKnownFileType = sourcecode.c.objc; path = KUDifferencesManager.m; sourceTree = "<group>"; };
		056FD1F318A9E08900A7EE45 /* KUDifferencesManagerTests.m */ = {isa = PBXFileReference; fileEncoding = 4; lastKnownFileType = sourcecode.c.objc; path = KUDifferencesManagerTests.m; sourceTree = "<group>"; };
		056FD1F518A9E88600A7EE45 /* KUDifference.h */ = {isa = PBXFileReference; fileEncoding = 4; lastKnownFileType = sourcecode.c.h; path = KUDifference.h; sourceTree = "<group>"; };
		056FD1F618A9E88600A7EE45 /* KUDifference.m */ = {isa = PBXFileReference; fileEncoding = 4; lastKnownFileType = sourcecode.c.objc; path = KUDifference.m; sourceTree = "<group>"; };
		056FD1F818A9E89F00A7EE45 /* KUDifferenceTests.m */ = {isa = PBXFileReference; fileEncoding = 4; lastKnownFileType = sourcecode.c.objc; path = KUDifferenceTests.m; sourceTree = "<group>"; };
		057E0090188E8E5D00070F7D /* HTMLNode.h */ = {isa = PBXFileReference; fileEncoding = 4; lastKnownFileType = sourcecode.c.h; path = HTMLNode.h; sourceTree = "<group>"; };
		057E0091188E8E5D00070F7D /* HTMLNode.m */ = {isa = PBXFileReference; fileEncoding = 4; lastKnownFileType = sourcecode.c.objc; path = HTMLNode.m; sourceTree = "<group>"; };
		057E0092188E8E5D00070F7D /* HTMLParser.h */ = {isa = PBXFileReference; fileEncoding = 4; lastKnownFileType = sourcecode.c.h; path = HTMLParser.h; sourceTree = "<group>"; };
		057E0093188E8E5D00070F7D /* HTMLParser.m */ = {isa = PBXFileReference; fileEncoding = 4; lastKnownFileType = sourcecode.c.objc; path = HTMLParser.m; sourceTree = "<group>"; };
		057E0096188E8FAF00070F7D /* KUResponseManagerTests.m */ = {isa = PBXFileReference; fileEncoding = 4; lastKnownFileType = sourcecode.c.objc; path = KUResponseManagerTests.m; sourceTree = "<group>"; };
		057E0098188E944C00070F7D /* libxml2.dylib */ = {isa = PBXFileReference; lastKnownFileType = "compiled.mach-o.dylib"; name = libxml2.dylib; path = usr/lib/libxml2.dylib; sourceTree = SDKROOT; };
		0589B0FE188403F900DBE642 /* Kuseki.app */ = {isa = PBXFileReference; explicitFileType = wrapper.application; includeInIndex = 0; path = Kuseki.app; sourceTree = BUILT_PRODUCTS_DIR; };
		0589B101188403F900DBE642 /* Foundation.framework */ = {isa = PBXFileReference; lastKnownFileType = wrapper.framework; name = Foundation.framework; path = System/Library/Frameworks/Foundation.framework; sourceTree = SDKROOT; };
		0589B103188403F900DBE642 /* CoreGraphics.framework */ = {isa = PBXFileReference; lastKnownFileType = wrapper.framework; name = CoreGraphics.framework; path = System/Library/Frameworks/CoreGraphics.framework; sourceTree = SDKROOT; };
		0589B105188403F900DBE642 /* UIKit.framework */ = {isa = PBXFileReference; lastKnownFileType = wrapper.framework; name = UIKit.framework; path = System/Library/Frameworks/UIKit.framework; sourceTree = SDKROOT; };
		0589B109188403F900DBE642 /* Kuseki-Info.plist */ = {isa = PBXFileReference; lastKnownFileType = text.plist.xml; path = "Kuseki-Info.plist"; sourceTree = "<group>"; };
		0589B10B188403F900DBE642 /* en */ = {isa = PBXFileReference; lastKnownFileType = text.plist.strings; name = en; path = en.lproj/InfoPlist.strings; sourceTree = "<group>"; };
		0589B10D188403F900DBE642 /* main.m */ = {isa = PBXFileReference; lastKnownFileType = sourcecode.c.objc; path = main.m; sourceTree = "<group>"; };
		0589B10F188403F900DBE642 /* Kuseki-Prefix.pch */ = {isa = PBXFileReference; lastKnownFileType = sourcecode.c.h; path = "Kuseki-Prefix.pch"; sourceTree = "<group>"; };
		0589B110188403F900DBE642 /* AppDelegate.h */ = {isa = PBXFileReference; lastKnownFileType = sourcecode.c.h; path = AppDelegate.h; sourceTree = "<group>"; };
		0589B111188403F900DBE642 /* AppDelegate.m */ = {isa = PBXFileReference; lastKnownFileType = sourcecode.c.objc; path = AppDelegate.m; sourceTree = "<group>"; };
		0589B114188403F900DBE642 /* Base */ = {isa = PBXFileReference; lastKnownFileType = file.storyboard; name = Base; path = Base.lproj/Main.storyboard; sourceTree = "<group>"; };
		0589B119188403F900DBE642 /* Images.xcassets */ = {isa = PBXFileReference; lastKnownFileType = folder.assetcatalog; path = Images.xcassets; sourceTree = "<group>"; };
		0589B11F188403FA00DBE642 /* KusekiTests.xctest */ = {isa = PBXFileReference; explicitFileType = wrapper.cfbundle; includeInIndex = 0; path = KusekiTests.xctest; sourceTree = BUILT_PRODUCTS_DIR; };
		0589B120188403FA00DBE642 /* XCTest.framework */ = {isa = PBXFileReference; lastKnownFileType = wrapper.framework; name = XCTest.framework; path = Library/Frameworks/XCTest.framework; sourceTree = DEVELOPER_DIR; };
		0589B128188403FA00DBE642 /* KusekiTests-Info.plist */ = {isa = PBXFileReference; lastKnownFileType = text.plist.xml; path = "KusekiTests-Info.plist"; sourceTree = "<group>"; };
		0589B12A188403FA00DBE642 /* en */ = {isa = PBXFileReference; lastKnownFileType = text.plist.strings; name = en; path = en.lproj/InfoPlist.strings; sourceTree = "<group>"; };
		059140051887E560009D87F9 /* InputViewController.h */ = {isa = PBXFileReference; fileEncoding = 4; lastKnownFileType = sourcecode.c.h; path = InputViewController.h; sourceTree = "<group>"; };
		059140061887E560009D87F9 /* InputViewController.m */ = {isa = PBXFileReference; fileEncoding = 4; lastKnownFileType = sourcecode.c.objc; path = InputViewController.m; sourceTree = "<group>"; };
		0591400B1887EA63009D87F9 /* MITextField.h */ = {isa = PBXFileReference; fileEncoding = 4; lastKnownFileType = sourcecode.c.h; path = MITextField.h; sourceTree = "<group>"; };
		0591400C1887EA63009D87F9 /* MITextField.m */ = {isa = PBXFileReference; fileEncoding = 4; lastKnownFileType = sourcecode.c.objc; path = MITextField.m; sourceTree = "<group>"; };
		05914012188932B7009D87F9 /* KUSearchParamManager.h */ = {isa = PBXFileReference; fileEncoding = 4; lastKnownFileType = sourcecode.c.h; path = KUSearchParamManager.h; sourceTree = "<group>"; };
		05914013188932B7009D87F9 /* KUSearchParamManager.m */ = {isa = PBXFileReference; fileEncoding = 4; lastKnownFileType = sourcecode.c.objc; path = KUSearchParamManager.m; sourceTree = "<group>"; };
		05914015188939B8009D87F9 /* ResultsViewController.h */ = {isa = PBXFileReference; fileEncoding = 4; lastKnownFileType = sourcecode.c.h; path = ResultsViewController.h; sourceTree = "<group>"; };
		05914016188939B8009D87F9 /* ResultsViewController.m */ = {isa = PBXFileReference; fileEncoding = 4; lastKnownFileType = sourcecode.c.objc; path = ResultsViewController.m; sourceTree = "<group>"; };
		0591401818893B67009D87F9 /* KUResponse.h */ = {isa = PBXFileReference; fileEncoding = 4; lastKnownFileType = sourcecode.c.h; path = KUResponse.h; sourceTree = "<group>"; };
		0591401918893B67009D87F9 /* KUResponse.m */ = {isa = PBXFileReference; fileEncoding = 4; lastKnownFileType = sourcecode.c.objc; path = KUResponse.m; sourceTree = "<group>"; };
		0591401B18893D88009D87F9 /* KUResponseManager.h */ = {isa = PBXFileReference; fileEncoding = 4; lastKnownFileType = sourcecode.c.h; path = KUResponseManager.h; sourceTree = "<group>"; };
		0591401C18893D88009D87F9 /* KUResponseManager.m */ = {isa = PBXFileReference; fileEncoding = 4; lastKnownFileType = sourcecode.c.objc; path = KUResponseManager.m; sourceTree = "<group>"; };
		059AAEF618F2C40000E10A62 /* KUSearchConditionManagerTests.m */ = {isa = PBXFileReference; fileEncoding = 4; lastKnownFileType = sourcecode.c.objc; path = KUSearchConditionManagerTests.m; sourceTree = "<group>"; };
		05A7787E188A30D300B1026C /* KUClient.h */ = {isa = PBXFileReference; fileEncoding = 4; lastKnownFileType = sourcecode.c.h; path = KUClient.h; sourceTree = "<group>"; };
		05A7787F188A30D300B1026C /* KUClient.m */ = {isa = PBXFileReference; fileEncoding = 4; lastKnownFileType = sourcecode.c.objc; path = KUClient.m; sourceTree = "<group>"; };
		05A77883188A35BA00B1026C /* KUClientTests.m */ = {isa = PBXFileReference; fileEncoding = 4; lastKnownFileType = sourcecode.c.objc; path = KUClientTests.m; sourceTree = "<group>"; };
		05B39DB718A67A0D0042F250 /* KUStationsManager.h */ = {isa = PBXFileReference; fileEncoding = 4; lastKnownFileType = sourcecode.c.h; path = KUStationsManager.h; sourceTree = "<group>"; };
		05B39DB818A67A0D0042F250 /* KUStationsManager.m */ = {isa = PBXFileReference; fileEncoding = 4; lastKnownFileType = sourcecode.c.objc; path = KUStationsManager.m; sourceTree = "<group>"; };
		05B39DBA18A67A530042F250 /* kUStationsManagerTests.m */ = {isa = PBXFileReference; fileEncoding = 4; lastKnownFileType = sourcecode.c.objc; path = kUStationsManagerTests.m; sourceTree = "<group>"; };
		05B39DBC18A67FFA0042F250 /* StationsList.plist */ = {isa = PBXFileReference; fileEncoding = 4; lastKnownFileType = text.plist.xml; path = StationsList.plist; sourceTree = "<group>"; };
		05BB14AF1945FE9B00A4480D /* btn_change_station.png */ = {isa = PBXFileReference; lastKnownFileType = image.png; path = btn_change_station.png; sourceTree = "<group>"; };
		05D7E23F189CE93D00E9B04E /* ConditionsViewController.h */ = {isa = PBXFileReference; fileEncoding = 4; lastKnownFileType = sourcecode.c.h; path = ConditionsViewController.h; sourceTree = "<group>"; };
		05D7E240189CE93D00E9B04E /* ConditionsViewController.m */ = {isa = PBXFileReference; fileEncoding = 4; lastKnownFileType = sourcecode.c.objc; path = ConditionsViewController.m; sourceTree = "<group>"; };
		05D7E242189D035400E9B04E /* SavedResultViewController.h */ = {isa = PBXFileReference; fileEncoding = 4; lastKnownFileType = sourcecode.c.h; path = SavedResultViewController.h; sourceTree = "<group>"; };
		05D7E243189D035400E9B04E /* SavedResultViewController.m */ = {isa = PBXFileReference; fileEncoding = 4; lastKnownFileType = sourcecode.c.objc; path = SavedResultViewController.m; sourceTree = "<group>"; };
		05D7E26A189F971B00E9B04E /* KUButton.h */ = {isa = PBXFileReference; fileEncoding = 4; lastKnownFileType = sourcecode.c.h; path = KUButton.h; sourceTree = "<group>"; };
		05D7E26B189F971B00E9B04E /* KUButton.m */ = {isa = PBXFileReference; fileEncoding = 4; lastKnownFileType = sourcecode.c.objc; path = KUButton.m; sourceTree = "<group>"; };
		05D7E26D189F974A00E9B04E /* KUSwitch.h */ = {isa = PBXFileReference; fileEncoding = 4; lastKnownFileType = sourcecode.c.h; path = KUSwitch.h; sourceTree = "<group>"; };
		05D7E26E189F974A00E9B04E /* KUSwitch.m */ = {isa = PBXFileReference; fileEncoding = 4; lastKnownFileType = sourcecode.c.objc; path = KUSwitch.m; sourceTree = "<group>"; };
		05DFAAA819642A01006D5AF2 /* Flurry.h */ = {isa = PBXFileReference; fileEncoding = 4; lastKnownFileType = sourcecode.c.h; path = Flurry.h; sourceTree = "<group>"; };
		05DFAAA919642A01006D5AF2 /* libFlurry_5.1.0.a */ = {isa = PBXFileReference; lastKnownFileType = archive.ar; path = libFlurry_5.1.0.a; sourceTree = "<group>"; };
		05F8357118A4F15D00A1CA5B /* KUSavedResponsesManager.h */ = {isa = PBXFileReference; fileEncoding = 4; lastKnownFileType = sourcecode.c.h; path = KUSavedResponsesManager.h; sourceTree = "<group>"; };
		05F8357218A4F15D00A1CA5B /* KUSavedResponsesManager.m */ = {isa = PBXFileReference; fileEncoding = 4; lastKnownFileType = sourcecode.c.objc; path = KUSavedResponsesManager.m; sourceTree = "<group>"; };
		05FC27F618A0E64A00C2A0F7 /* KUNotificationTarget.h */ = {isa = PBXFileReference; fileEncoding = 4; lastKnownFileType = sourcecode.c.h; path = KUNotificationTarget.h; sourceTree = "<group>"; };
		05FC27F718A0E64A00C2A0F7 /* KUNotificationTarget.m */ = {isa = PBXFileReference; fileEncoding = 4; lastKnownFileType = sourcecode.c.objc; path = KUNotificationTarget.m; sourceTree = "<group>"; };
		05FC27F918A1044900C2A0F7 /* KUNotificationTargetsManager.h */ = {isa = PBXFileReference; fileEncoding = 4; lastKnownFileType = sourcecode.c.h; path = KUNotificationTargetsManager.h; sourceTree = "<group>"; };
		05FC27FA18A1044900C2A0F7 /* KUNotificationTargetsManager.m */ = {isa = PBXFileReference; fileEncoding = 4; lastKnownFileType = sourcecode.c.objc; path = KUNotificationTargetsManager.m; sourceTree = "<group>"; };
		34F9F7F9724E48608E62F1F2 /* libPods.a */ = {isa = PBXFileReference; explicitFileType = archive.ar; includeInIndex = 0; path = libPods.a; sourceTree = BUILT_PRODUCTS_DIR; };
		C41D9432F35C0553835BE6F9 /* Pods.release.xcconfig */ = {isa = PBXFileReference; includeInIndex = 1; lastKnownFileType = text.xcconfig; name = Pods.release.xcconfig; path = "Pods/Target Support Files/Pods/Pods.release.xcconfig"; sourceTree = "<group>"; };
		E00942DB1C52819F00926DF1 /* KUDatePickerViewController.h */ = {isa = PBXFileReference; fileEncoding = 4; lastKnownFileType = sourcecode.c.h; path = KUDatePickerViewController.h; sourceTree = "<group>"; };
		E00942DC1C52819F00926DF1 /* KUDatePickerViewController.m */ = {isa = PBXFileReference; fileEncoding = 4; lastKnownFileType = sourcecode.c.objc; path = KUDatePickerViewController.m; sourceTree = "<group>"; };
		E00942E21C5310E400926DF1 /* NSDate+IntegerDate.h */ = {isa = PBXFileReference; fileEncoding = 4; lastKnownFileType = sourcecode.c.h; path = "NSDate+IntegerDate.h"; sourceTree = "<group>"; };
		E00942E31C5310E400926DF1 /* NSDate+IntegerDate.m */ = {isa = PBXFileReference; fileEncoding = 4; lastKnownFileType = sourcecode.c.objc; path = "NSDate+IntegerDate.m"; sourceTree = "<group>"; };
		E02464EA1C5516770037A44C /* KUReviewMusterController.h */ = {isa = PBXFileReference; fileEncoding = 4; lastKnownFileType = sourcecode.c.h; path = KUReviewMusterController.h; sourceTree = "<group>"; };
		E02464EB1C5516770037A44C /* KUReviewMusterController.m */ = {isa = PBXFileReference; fileEncoding = 4; lastKnownFileType = sourcecode.c.objc; path = KUReviewMusterController.m; sourceTree = "<group>"; };
		E02464ED1C559EB70037A44C /* KUReviewMusterControllerTests.m */ = {isa = PBXFileReference; fileEncoding = 4; lastKnownFileType = sourcecode.c.objc; path = KUReviewMusterControllerTests.m; sourceTree = "<group>"; };
		E02464F01C5841950037A44C /* NSUserDefaults+ClearAllData.h */ = {isa = PBXFileReference; fileEncoding = 4; lastKnownFileType = sourcecode.c.h; path = "NSUserDefaults+ClearAllData.h"; sourceTree = "<group>"; };
		E02464F11C5841950037A44C /* NSUserDefaults+ClearAllData.m */ = {isa = PBXFileReference; fileEncoding = 4; lastKnownFileType = sourcecode.c.objc; path = "NSUserDefaults+ClearAllData.m"; sourceTree = "<group>"; };
		E02970F11C4BD589000C24CA /* TrainType.plist */ = {isa = PBXFileReference; fileEncoding = 4; lastKnownFileType = text.plist.xml; path = TrainType.plist; sourceTree = "<group>"; };
		E04BE20E1C49277400F5EA50 /* KUFactory.m */ = {isa = PBXFileReference; lastKnownFileType = sourcecode.c.objc; name = KUFactory.m; path = Kuseki/Factory/KUFactory.m; sourceTree = "<group>"; };
		E04C22811C4A12A500B4B98C /* KUTabBarController.h */ = {isa = PBXFileReference; fileEncoding = 4; lastKnownFileType = sourcecode.c.h; path = KUTabBarController.h; sourceTree = "<group>"; };
		E04C22821C4A12A500B4B98C /* KUTabBarController.m */ = {isa = PBXFileReference; fileEncoding = 4; lastKnownFileType = sourcecode.c.objc; path = KUTabBarController.m; sourceTree = "<group>"; };
		E066171D1C342DEE0033E9B4 /* ja */ = {isa = PBXFileReference; lastKnownFileType = text.plist.strings; name = ja; path = ja.lproj/InfoPlist.strings; sourceTree = "<group>"; };
		E066171E1C342DEE0033E9B4 /* ja */ = {isa = PBXFileReference; lastKnownFileType = text.plist.strings; name = ja; path = ja.lproj/InfoPlist.strings; sourceTree = "<group>"; };
		E066172C1C342ECF0033E9B4 /* Base */ = {isa = PBXFileReference; lastKnownFileType = text.plist.strings; name = Base; path = Base.lproj/Localizable.strings; sourceTree = "<group>"; };
		E066172E1C342ED30033E9B4 /* ja */ = {isa = PBXFileReference; lastKnownFileType = text.plist.strings; name = ja; path = ja.lproj/Localizable.strings; sourceTree = "<group>"; };
		E0E874241C47EA5400504B33 /* Factory */ = {isa = PBXFileReference; lastKnownFileType = folder; path = Factory; sourceTree = "<group>"; };
		F373E19D040F121801F0602B /* Pods.debug.xcconfig */ = {isa = PBXFileReference; includeInIndex = 1; lastKnownFileType = text.xcconfig; name = Pods.debug.xcconfig; path = "Pods/Target Support Files/Pods/Pods.debug.xcconfig"; sourceTree = "<group>"; };
/* End PBXFileReference section */

/* Begin PBXFrameworksBuildPhase section */
		0589B0FB188403F900DBE642 /* Frameworks */ = {
			isa = PBXFrameworksBuildPhase;
			buildActionMask = 2147483647;
			files = (
				057E0099188E944C00070F7D /* libxml2.dylib in Frameworks */,
				0589B104188403F900DBE642 /* CoreGraphics.framework in Frameworks */,
				05DFAAAA19642A01006D5AF2 /* libFlurry_5.1.0.a in Frameworks */,
				0589B106188403F900DBE642 /* UIKit.framework in Frameworks */,
				0589B102188403F900DBE642 /* Foundation.framework in Frameworks */,
				3C656A90EF3C42AA91DBAB0D /* libPods.a in Frameworks */,
			);
			runOnlyForDeploymentPostprocessing = 0;
		};
		0589B11C188403FA00DBE642 /* Frameworks */ = {
			isa = PBXFrameworksBuildPhase;
			buildActionMask = 2147483647;
			files = (
				054C262818A5F80600BC1F79 /* libxml2.2.dylib in Frameworks */,
				057E009A188E96D800070F7D /* libxml2.dylib in Frameworks */,
				0589B121188403FA00DBE642 /* XCTest.framework in Frameworks */,
				0589B123188403FA00DBE642 /* UIKit.framework in Frameworks */,
				0589B122188403FA00DBE642 /* Foundation.framework in Frameworks */,
				054C262918A5FBF100BC1F79 /* libPods.a in Frameworks */,
			);
			runOnlyForDeploymentPostprocessing = 0;
		};
/* End PBXFrameworksBuildPhase section */

/* Begin PBXGroup section */
		057E008F188E8E5D00070F7D /* Library */ = {
			isa = PBXGroup;
			children = (
				05DFAAA719642A01006D5AF2 /* Flurry */,
				057E0090188E8E5D00070F7D /* HTMLNode.h */,
				057E0091188E8E5D00070F7D /* HTMLNode.m */,
				057E0092188E8E5D00070F7D /* HTMLParser.h */,
				057E0093188E8E5D00070F7D /* HTMLParser.m */,
			);
			path = Library;
			sourceTree = "<group>";
		};
		0589B0F5188403F900DBE642 = {
			isa = PBXGroup;
			children = (
				E04BE20E1C49277400F5EA50 /* KUFactory.m */,
				057E008F188E8E5D00070F7D /* Library */,
				0589B107188403F900DBE642 /* Kuseki */,
				0589B126188403FA00DBE642 /* KusekiTests */,
				0589B100188403F900DBE642 /* Frameworks */,
				0589B0FF188403F900DBE642 /* Products */,
				EDA7573458D774CDDB9CFFC8 /* Pods */,
			);
			sourceTree = "<group>";
		};
		0589B0FF188403F900DBE642 /* Products */ = {
			isa = PBXGroup;
			children = (
				0589B0FE188403F900DBE642 /* Kuseki.app */,
				0589B11F188403FA00DBE642 /* KusekiTests.xctest */,
			);
			name = Products;
			sourceTree = "<group>";
		};
		0589B100188403F900DBE642 /* Frameworks */ = {
			isa = PBXGroup;
			children = (
				054C262718A5F80600BC1F79 /* libxml2.2.dylib */,
				057E0098188E944C00070F7D /* libxml2.dylib */,
				0589B101188403F900DBE642 /* Foundation.framework */,
				0589B103188403F900DBE642 /* CoreGraphics.framework */,
				0589B105188403F900DBE642 /* UIKit.framework */,
				0589B120188403FA00DBE642 /* XCTest.framework */,
				34F9F7F9724E48608E62F1F2 /* libPods.a */,
			);
			name = Frameworks;
			sourceTree = "<group>";
		};
		0589B107188403F900DBE642 /* Kuseki */ = {
			isa = PBXGroup;
			children = (
				E00942DE1C530D2700926DF1 /* Category */,
				E0E874241C47EA5400504B33 /* Factory */,
				05D7E245189DFE0300E9B04E /* Images */,
				05A7787D188A30D300B1026C /* Network */,
				0591401118893291009D87F9 /* Model */,
				0591400A1887EA57009D87F9 /* UIParts */,
				059140041887E51E009D87F9 /* ViewController */,
				0589B110188403F900DBE642 /* AppDelegate.h */,
				0589B111188403F900DBE642 /* AppDelegate.m */,
				0589B113188403F900DBE642 /* Main.storyboard */,
				0589B119188403F900DBE642 /* Images.xcassets */,
				0589B108188403F900DBE642 /* Supporting Files */,
			);
			path = Kuseki;
			sourceTree = "<group>";
		};
		0589B108188403F900DBE642 /* Supporting Files */ = {
			isa = PBXGroup;
			children = (
				0589B109188403F900DBE642 /* Kuseki-Info.plist */,
				0589B10A188403F900DBE642 /* InfoPlist.strings */,
				0589B10D188403F900DBE642 /* main.m */,
				0589B10F188403F900DBE642 /* Kuseki-Prefix.pch */,
				05B39DBC18A67FFA0042F250 /* StationsList.plist */,
				E066172D1C342ECF0033E9B4 /* Localizable.strings */,
				E02970F11C4BD589000C24CA /* TrainType.plist */,
			);
			name = "Supporting Files";
			sourceTree = "<group>";
		};
		0589B126188403FA00DBE642 /* KusekiTests */ = {
			isa = PBXGroup;
			children = (
				0589B127188403FA00DBE642 /* Supporting Files */,
				05A77883188A35BA00B1026C /* KUClientTests.m */,
				057E0096188E8FAF00070F7D /* KUResponseManagerTests.m */,
				0545DE5E189A5B7A008B55F5 /* KUSearchConditionTests.m */,
				0545DE60189A5F2A008B55F5 /* KUDBClientTests.m */,
				0520D83018A50076006ABD10 /* KUSavedResponsesManagerTests.m */,
				05B39DBA18A67A530042F250 /* kUStationsManagerTests.m */,
				052F700918A9CAA400E5C916 /* KUNotifiationTargetTests.m */,
				056FD1F318A9E08900A7EE45 /* KUDifferencesManagerTests.m */,
				056FD1F818A9E89F00A7EE45 /* KUDifferenceTests.m */,
				0500DACF18AB8CE4000D1FF6 /* KUNotificationTargetsManagerTests.m */,
				056F38D718AF078000D4C264 /* InputViewControllerTests.m */,
				056D5A5118AF543B00BF2703 /* KUResponseTests.m */,
				059AAEF618F2C40000E10A62 /* KUSearchConditionManagerTests.m */,
				E02464ED1C559EB70037A44C /* KUReviewMusterControllerTests.m */,
			);
			path = KusekiTests;
			sourceTree = "<group>";
		};
		0589B127188403FA00DBE642 /* Supporting Files */ = {
			isa = PBXGroup;
			children = (
				0589B128188403FA00DBE642 /* KusekiTests-Info.plist */,
				0589B129188403FA00DBE642 /* InfoPlist.strings */,
			);
			name = "Supporting Files";
			sourceTree = "<group>";
		};
		059140041887E51E009D87F9 /* ViewController */ = {
			isa = PBXGroup;
			children = (
				059140051887E560009D87F9 /* InputViewController.h */,
				059140061887E560009D87F9 /* InputViewController.m */,
				05914015188939B8009D87F9 /* ResultsViewController.h */,
				05914016188939B8009D87F9 /* ResultsViewController.m */,
				05D7E23F189CE93D00E9B04E /* ConditionsViewController.h */,
				05D7E240189CE93D00E9B04E /* ConditionsViewController.m */,
				05D7E242189D035400E9B04E /* SavedResultViewController.h */,
				05D7E243189D035400E9B04E /* SavedResultViewController.m */,
				05317B77190A7D28007A4882 /* InformationViewController.h */,
				05317B78190A7D28007A4882 /* InformationViewController.m */,
				E04C22811C4A12A500B4B98C /* KUTabBarController.h */,
				E04C22821C4A12A500B4B98C /* KUTabBarController.m */,
			);
			path = ViewController;
			sourceTree = "<group>";
		};
		0591400A1887EA57009D87F9 /* UIParts */ = {
			isa = PBXGroup;
			children = (
				0591400B1887EA63009D87F9 /* MITextField.h */,
				0591400C1887EA63009D87F9 /* MITextField.m */,
				05D7E26A189F971B00E9B04E /* KUButton.h */,
				05D7E26B189F971B00E9B04E /* KUButton.m */,
				05D7E26D189F974A00E9B04E /* KUSwitch.h */,
				05D7E26E189F974A00E9B04E /* KUSwitch.m */,
				E00942DB1C52819F00926DF1 /* KUDatePickerViewController.h */,
				E00942DC1C52819F00926DF1 /* KUDatePickerViewController.m */,
				E02464EA1C5516770037A44C /* KUReviewMusterController.h */,
				E02464EB1C5516770037A44C /* KUReviewMusterController.m */,
			);
			path = UIParts;
			sourceTree = "<group>";
		};
		0591401118893291009D87F9 /* Model */ = {
			isa = PBXGroup;
			children = (
				05914012188932B7009D87F9 /* KUSearchParamManager.h */,
				05914013188932B7009D87F9 /* KUSearchParamManager.m */,
				0591401818893B67009D87F9 /* KUResponse.h */,
				0591401918893B67009D87F9 /* KUResponse.m */,
				0591401B18893D88009D87F9 /* KUResponseManager.h */,
				0591401C18893D88009D87F9 /* KUResponseManager.m */,
				053FA1E21899098900DA5A3F /* KUDBClient.h */,
				053FA1E31899098900DA5A3F /* KUDBClient.m */,
				053FA1E518990B3300DA5A3F /* KUSearchCondition.h */,
				053FA1E618990B3300DA5A3F /* KUSearchCondition.m */,
				0545DE62189A64CA008B55F5 /* KUSearchConditionManager.h */,
				0545DE63189A64CA008B55F5 /* KUSearchConditionManager.m */,
				05FC27F618A0E64A00C2A0F7 /* KUNotificationTarget.h */,
				05FC27F718A0E64A00C2A0F7 /* KUNotificationTarget.m */,
				05FC27F918A1044900C2A0F7 /* KUNotificationTargetsManager.h */,
				05FC27FA18A1044900C2A0F7 /* KUNotificationTargetsManager.m */,
				05F8357118A4F15D00A1CA5B /* KUSavedResponsesManager.h */,
				05F8357218A4F15D00A1CA5B /* KUSavedResponsesManager.m */,
				05B39DB718A67A0D0042F250 /* KUStationsManager.h */,
				05B39DB818A67A0D0042F250 /* KUStationsManager.m */,
				056FD1F018A9E05F00A7EE45 /* KUDifferencesManager.h */,
				056FD1F118A9E05F00A7EE45 /* KUDifferencesManager.m */,
				056FD1F518A9E88600A7EE45 /* KUDifference.h */,
				056FD1F618A9E88600A7EE45 /* KUDifference.m */,
			);
			path = Model;
			sourceTree = "<group>";
		};
		05A7787D188A30D300B1026C /* Network */ = {
			isa = PBXGroup;
			children = (
				05A7787E188A30D300B1026C /* KUClient.h */,
				05A7787F188A30D300B1026C /* KUClient.m */,
			);
			path = Network;
			sourceTree = "<group>";
		};
		05D7E245189DFE0300E9B04E /* Images */ = {
			isa = PBXGroup;
			children = (
				05BB14AF1945FE9B00A4480D /* btn_change_station.png */,
				053EED8418E047C10060822B /* btn_change_station@2x.png */,
			);
			path = Images;
			sourceTree = "<group>";
		};
		05DFAAA719642A01006D5AF2 /* Flurry */ = {
			isa = PBXGroup;
			children = (
				05DFAAA819642A01006D5AF2 /* Flurry.h */,
				05DFAAA919642A01006D5AF2 /* libFlurry_5.1.0.a */,
			);
			path = Flurry;
			sourceTree = "<group>";
		};
		E00942DE1C530D2700926DF1 /* Category */ = {
			isa = PBXGroup;
			children = (
				E00942E21C5310E400926DF1 /* NSDate+IntegerDate.h */,
				E00942E31C5310E400926DF1 /* NSDate+IntegerDate.m */,
				E02464F01C5841950037A44C /* NSUserDefaults+ClearAllData.h */,
				E02464F11C5841950037A44C /* NSUserDefaults+ClearAllData.m */,
			);
			name = Category;
			sourceTree = "<group>";
		};
		EDA7573458D774CDDB9CFFC8 /* Pods */ = {
			isa = PBXGroup;
			children = (
				F373E19D040F121801F0602B /* Pods.debug.xcconfig */,
				C41D9432F35C0553835BE6F9 /* Pods.release.xcconfig */,
			);
			name = Pods;
			sourceTree = "<group>";
		};
/* End PBXGroup section */

/* Begin PBXNativeTarget section */
		0589B0FD188403F900DBE642 /* Kuseki */ = {
			isa = PBXNativeTarget;
			buildConfigurationList = 0589B130188403FA00DBE642 /* Build configuration list for PBXNativeTarget "Kuseki" */;
			buildPhases = (
				B6DD254BC4514A33858A797A /* Check Pods Manifest.lock */,
				0589B0FA188403F900DBE642 /* Sources */,
				0589B0FB188403F900DBE642 /* Frameworks */,
				0589B0FC188403F900DBE642 /* Resources */,
				7B16045DC7CF47C88E31A789 /* Copy Pods Resources */,
				884F0FB3C3461498119F5340 /* Embed Pods Frameworks */,
			);
			buildRules = (
			);
			dependencies = (
			);
			name = Kuseki;
			productName = Kuseki;
			productReference = 0589B0FE188403F900DBE642 /* Kuseki.app */;
			productType = "com.apple.product-type.application";
		};
		0589B11E188403FA00DBE642 /* KusekiTests */ = {
			isa = PBXNativeTarget;
			buildConfigurationList = 0589B133188403FA00DBE642 /* Build configuration list for PBXNativeTarget "KusekiTests" */;
			buildPhases = (
				0589B11B188403FA00DBE642 /* Sources */,
				0589B11C188403FA00DBE642 /* Frameworks */,
				0589B11D188403FA00DBE642 /* Resources */,
			);
			buildRules = (
			);
			dependencies = (
				0589B125188403FA00DBE642 /* PBXTargetDependency */,
			);
			name = KusekiTests;
			productName = KusekiTests;
			productReference = 0589B11F188403FA00DBE642 /* KusekiTests.xctest */;
			productType = "com.apple.product-type.bundle.unit-test";
		};
/* End PBXNativeTarget section */

/* Begin PBXProject section */
		0589B0F6188403F900DBE642 /* Project object */ = {
			isa = PBXProject;
			attributes = {
				LastUpgradeCheck = 0720;
				ORGANIZATIONNAME = "Takeru Yoshihara";
				TargetAttributes = {
					0589B0FD188403F900DBE642 = {
						SystemCapabilities = {
							com.apple.BackgroundModes = {
								enabled = 1;
							};
						};
					};
					0589B11E188403FA00DBE642 = {
						TestTargetID = 0589B0FD188403F900DBE642;
					};
				};
			};
			buildConfigurationList = 0589B0F9188403F900DBE642 /* Build configuration list for PBXProject "Kuseki" */;
			compatibilityVersion = "Xcode 3.2";
			developmentRegion = English;
			hasScannedForEncodings = 0;
			knownRegions = (
				en,
				Base,
				ja,
			);
			mainGroup = 0589B0F5188403F900DBE642;
			productRefGroup = 0589B0FF188403F900DBE642 /* Products */;
			projectDirPath = "";
			projectRoot = "";
			targets = (
				0589B0FD188403F900DBE642 /* Kuseki */,
				0589B11E188403FA00DBE642 /* KusekiTests */,
			);
		};
/* End PBXProject section */

/* Begin PBXResourcesBuildPhase section */
		0589B0FC188403F900DBE642 /* Resources */ = {
			isa = PBXResourcesBuildPhase;
			buildActionMask = 2147483647;
			files = (
				053EED8518E047C10060822B /* btn_change_station@2x.png in Resources */,
				05BB14B01945FE9B00A4480D /* btn_change_station.png in Resources */,
				0589B11A188403F900DBE642 /* Images.xcassets in Resources */,
				E066172B1C342ECF0033E9B4 /* Localizable.strings in Resources */,
				E02970F21C4BD589000C24CA /* TrainType.plist in Resources */,
				0589B10C188403F900DBE642 /* InfoPlist.strings in Resources */,
				0589B115188403F900DBE642 /* Main.storyboard in Resources */,
				05B39DBD18A67FFA0042F250 /* StationsList.plist in Resources */,
				E0E874251C47EA5400504B33 /* Factory in Resources */,
			);
			runOnlyForDeploymentPostprocessing = 0;
		};
		0589B11D188403FA00DBE642 /* Resources */ = {
			isa = PBXResourcesBuildPhase;
			buildActionMask = 2147483647;
			files = (
				E0E874261C47EA5400504B33 /* Factory in Resources */,
				E02970F31C4BD589000C24CA /* TrainType.plist in Resources */,
				0589B12B188403FA00DBE642 /* InfoPlist.strings in Resources */,
				05B39DBE18A680020042F250 /* StationsList.plist in Resources */,
			);
			runOnlyForDeploymentPostprocessing = 0;
		};
/* End PBXResourcesBuildPhase section */

/* Begin PBXShellScriptBuildPhase section */
		7B16045DC7CF47C88E31A789 /* Copy Pods Resources */ = {
			isa = PBXShellScriptBuildPhase;
			buildActionMask = 2147483647;
			files = (
			);
			inputPaths = (
			);
			name = "Copy Pods Resources";
			outputPaths = (
			);
			runOnlyForDeploymentPostprocessing = 0;
			shellPath = /bin/sh;
			shellScript = "\"${SRCROOT}/Pods/Target Support Files/Pods/Pods-resources.sh\"\n";
			showEnvVarsInLog = 0;
		};
		884F0FB3C3461498119F5340 /* Embed Pods Frameworks */ = {
			isa = PBXShellScriptBuildPhase;
			buildActionMask = 2147483647;
			files = (
			);
			inputPaths = (
			);
			name = "Embed Pods Frameworks";
			outputPaths = (
			);
			runOnlyForDeploymentPostprocessing = 0;
			shellPath = /bin/sh;
			shellScript = "\"${SRCROOT}/Pods/Target Support Files/Pods/Pods-frameworks.sh\"\n";
			showEnvVarsInLog = 0;
		};
		B6DD254BC4514A33858A797A /* Check Pods Manifest.lock */ = {
			isa = PBXShellScriptBuildPhase;
			buildActionMask = 2147483647;
			files = (
			);
			inputPaths = (
			);
			name = "Check Pods Manifest.lock";
			outputPaths = (
			);
			runOnlyForDeploymentPostprocessing = 0;
			shellPath = /bin/sh;
			shellScript = "diff \"${PODS_ROOT}/../Podfile.lock\" \"${PODS_ROOT}/Manifest.lock\" > /dev/null\nif [[ $? != 0 ]] ; then\n    cat << EOM\nerror: The sandbox is not in sync with the Podfile.lock. Run 'pod install' or update your CocoaPods installation.\nEOM\n    exit 1\nfi\n";
			showEnvVarsInLog = 0;
		};
/* End PBXShellScriptBuildPhase section */

/* Begin PBXSourcesBuildPhase section */
		0589B0FA188403F900DBE642 /* Sources */ = {
			isa = PBXSourcesBuildPhase;
			buildActionMask = 2147483647;
			files = (
				056FD1F218A9E05F00A7EE45 /* KUDifferencesManager.m in Sources */,
				053FA1E41899098900DA5A3F /* KUDBClient.m in Sources */,
				053FA1E718990B3300DA5A3F /* KUSearchCondition.m in Sources */,
				05F8357318A4F15D00A1CA5B /* KUSavedResponsesManager.m in Sources */,
				057E0094188E8E5D00070F7D /* HTMLNode.m in Sources */,
				057E0095188E8E5D00070F7D /* HTMLParser.m in Sources */,
				0591401D18893D88009D87F9 /* KUResponseManager.m in Sources */,
				0545DE64189A64CA008B55F5 /* KUSearchConditionManager.m in Sources */,
				E02464EC1C5516770037A44C /* KUReviewMusterController.m in Sources */,
				0589B112188403F900DBE642 /* AppDelegate.m in Sources */,
				05D7E244189D035400E9B04E /* SavedResultViewController.m in Sources */,
				059140071887E560009D87F9 /* InputViewController.m in Sources */,
				05D7E26F189F974A00E9B04E /* KUSwitch.m in Sources */,
				056FD1F718A9E88600A7EE45 /* KUDifference.m in Sources */,
				05A77880188A30D300B1026C /* KUClient.m in Sources */,
				05914014188932B7009D87F9 /* KUSearchParamManager.m in Sources */,
				E04C22831C4A12A500B4B98C /* KUTabBarController.m in Sources */,
				05D7E241189CE93D00E9B04E /* ConditionsViewController.m in Sources */,
				05317B79190A7D28007A4882 /* InformationViewController.m in Sources */,
				0591401A18893B67009D87F9 /* KUResponse.m in Sources */,
				05914017188939B8009D87F9 /* ResultsViewController.m in Sources */,
				E00942DD1C52819F00926DF1 /* KUDatePickerViewController.m in Sources */,
				E00942E41C5310E400926DF1 /* NSDate+IntegerDate.m in Sources */,
				05B39DB918A67A0D0042F250 /* KUStationsManager.m in Sources */,
				0589B10E188403F900DBE642 /* main.m in Sources */,
				E02464F21C5841950037A44C /* NSUserDefaults+ClearAllData.m in Sources */,
				0591400D1887EA63009D87F9 /* MITextField.m in Sources */,
				05FC27FB18A1044A00C2A0F7 /* KUNotificationTargetsManager.m in Sources */,
				05FC27F818A0E64A00C2A0F7 /* KUNotificationTarget.m in Sources */,
				05D7E26C189F971B00E9B04E /* KUButton.m in Sources */,
			);
			runOnlyForDeploymentPostprocessing = 0;
		};
		0589B11B188403FA00DBE642 /* Sources */ = {
			isa = PBXSourcesBuildPhase;
			buildActionMask = 2147483647;
			files = (
				E02464EF1C55A1410037A44C /* KUReviewMusterController.m in Sources */,
				E0E966EF1C54EBF900EE4FC5 /* KUDatePickerViewController.m in Sources */,
				E04BE20F1C49277400F5EA50 /* KUFactory.m in Sources */,
				E0E2BE471C43EE040033128D /* AppDelegate.m in Sources */,
				E02464EE1C559EB70037A44C /* KUReviewMusterControllerTests.m in Sources */,
				E0E2BE461C43EDDF0033128D /* KUStationsManager.m in Sources */,
				E0E2BE451C43EDC70033128D /* KUSearchConditionManager.m in Sources */,
				E0E2BE441C43EDA60033128D /* KUResponseManager.m in Sources */,
				E0E2BE431C43ED900033128D /* KUNotificationTargetsManager.m in Sources */,
				E0E2BE421C43ED5D0033128D /* KUDifferencesManager.m in Sources */,
				E0E2BE411C43ED500033128D /* KUDifference.m in Sources */,
				E0E2BE401C43ED110033128D /* InputViewController.m in Sources */,
				054C262F18A6031300BC1F79 /* HTMLParser.m in Sources */,
				054C262E18A602F800BC1F79 /* HTMLNode.m in Sources */,
				056FD1F418A9E08900A7EE45 /* KUDifferencesManagerTests.m in Sources */,
				054C262D18A6026C00BC1F79 /* KUNotificationTarget.m in Sources */,
				054C262C18A5FE2E00BC1F79 /* KUDBClient.m in Sources */,
				056F38D818AF078000D4C264 /* InputViewControllerTests.m in Sources */,
				0500DAD018AB8CE4000D1FF6 /* KUNotificationTargetsManagerTests.m in Sources */,
				05B39DBB18A67A530042F250 /* kUStationsManagerTests.m in Sources */,
				054C262B18A5FE0D00BC1F79 /* KUSearchCondition.m in Sources */,
				054C262A18A5FDF700BC1F79 /* KUResponse.m in Sources */,
				056D5A5218AF543B00BF2703 /* KUResponseTests.m in Sources */,
				054C262618A5F6BE00BC1F79 /* KUClient.m in Sources */,
				054C262518A5F6A700BC1F79 /* KUSavedResponsesManager.m in Sources */,
				0520D83118A50076006ABD10 /* KUSavedResponsesManagerTests.m in Sources */,
				0545DE61189A5F2A008B55F5 /* KUDBClientTests.m in Sources */,
				0545DE5F189A5B7A008B55F5 /* KUSearchConditionTests.m in Sources */,
				059AAEF718F2C40000E10A62 /* KUSearchConditionManagerTests.m in Sources */,
				057E0097188E8FAF00070F7D /* KUResponseManagerTests.m in Sources */,
				056FD1F918A9E89F00A7EE45 /* KUDifferenceTests.m in Sources */,
				05A77884188A35BA00B1026C /* KUClientTests.m in Sources */,
				052F700A18A9CAA400E5C916 /* KUNotifiationTargetTests.m in Sources */,
			);
			runOnlyForDeploymentPostprocessing = 0;
		};
/* End PBXSourcesBuildPhase section */

/* Begin PBXTargetDependency section */
		0589B125188403FA00DBE642 /* PBXTargetDependency */ = {
			isa = PBXTargetDependency;
			target = 0589B0FD188403F900DBE642 /* Kuseki */;
			targetProxy = 0589B124188403FA00DBE642 /* PBXContainerItemProxy */;
		};
/* End PBXTargetDependency section */

/* Begin PBXVariantGroup section */
		0589B10A188403F900DBE642 /* InfoPlist.strings */ = {
			isa = PBXVariantGroup;
			children = (
				0589B10B188403F900DBE642 /* en */,
				E066171D1C342DEE0033E9B4 /* ja */,
			);
			name = InfoPlist.strings;
			sourceTree = "<group>";
		};
		0589B113188403F900DBE642 /* Main.storyboard */ = {
			isa = PBXVariantGroup;
			children = (
				0589B114188403F900DBE642 /* Base */,
			);
			name = Main.storyboard;
			sourceTree = "<group>";
		};
		0589B129188403FA00DBE642 /* InfoPlist.strings */ = {
			isa = PBXVariantGroup;
			children = (
				0589B12A188403FA00DBE642 /* en */,
				E066171E1C342DEE0033E9B4 /* ja */,
			);
			name = InfoPlist.strings;
			sourceTree = "<group>";
		};
		E066172D1C342ECF0033E9B4 /* Localizable.strings */ = {
			isa = PBXVariantGroup;
			children = (
				E066172C1C342ECF0033E9B4 /* Base */,
				E066172E1C342ED30033E9B4 /* ja */,
			);
			name = Localizable.strings;
			sourceTree = "<group>";
		};
/* End PBXVariantGroup section */

/* Begin XCBuildConfiguration section */
		0589B12E188403FA00DBE642 /* Debug */ = {
			isa = XCBuildConfiguration;
			baseConfigurationReference = F373E19D040F121801F0602B /* Pods.debug.xcconfig */;
			buildSettings = {
				ALWAYS_SEARCH_USER_PATHS = NO;
				CLANG_CXX_LANGUAGE_STANDARD = "gnu++0x";
				CLANG_CXX_LIBRARY = "libc++";
				CLANG_ENABLE_MODULES = YES;
				CLANG_ENABLE_OBJC_ARC = YES;
				CLANG_WARN_BOOL_CONVERSION = YES;
				CLANG_WARN_CONSTANT_CONVERSION = YES;
				CLANG_WARN_DIRECT_OBJC_ISA_USAGE = YES_ERROR;
				CLANG_WARN_EMPTY_BODY = YES;
				CLANG_WARN_ENUM_CONVERSION = YES;
				CLANG_WARN_INT_CONVERSION = YES;
				CLANG_WARN_OBJC_ROOT_CLASS = YES_ERROR;
				CLANG_WARN__DUPLICATE_METHOD_MATCH = YES;
				"CODE_SIGN_IDENTITY[sdk=iphoneos*]" = "iPhone Developer";
				COPY_PHASE_STRIP = NO;
				ENABLE_TESTABILITY = YES;
				GCC_C_LANGUAGE_STANDARD = gnu99;
				GCC_DYNAMIC_NO_PIC = NO;
				GCC_OPTIMIZATION_LEVEL = 0;
				GCC_PREPROCESSOR_DEFINITIONS = (
					"DEBUG=1",
					"$(inherited)",
				);
				GCC_SYMBOLS_PRIVATE_EXTERN = NO;
				GCC_WARN_64_TO_32_BIT_CONVERSION = YES;
				GCC_WARN_ABOUT_RETURN_TYPE = YES_ERROR;
				GCC_WARN_UNDECLARED_SELECTOR = YES;
				GCC_WARN_UNINITIALIZED_AUTOS = YES;
				GCC_WARN_UNUSED_FUNCTION = YES;
				GCC_WARN_UNUSED_VARIABLE = YES;
				IPHONEOS_DEPLOYMENT_TARGET = 8.0;
				ONLY_ACTIVE_ARCH = YES;
				SDKROOT = iphoneos;
			};
			name = Debug;
		};
		0589B12F188403FA00DBE642 /* Release */ = {
			isa = XCBuildConfiguration;
			baseConfigurationReference = C41D9432F35C0553835BE6F9 /* Pods.release.xcconfig */;
			buildSettings = {
				ALWAYS_SEARCH_USER_PATHS = NO;
				CLANG_CXX_LANGUAGE_STANDARD = "gnu++0x";
				CLANG_CXX_LIBRARY = "libc++";
				CLANG_ENABLE_MODULES = YES;
				CLANG_ENABLE_OBJC_ARC = YES;
				CLANG_WARN_BOOL_CONVERSION = YES;
				CLANG_WARN_CONSTANT_CONVERSION = YES;
				CLANG_WARN_DIRECT_OBJC_ISA_USAGE = YES_ERROR;
				CLANG_WARN_EMPTY_BODY = YES;
				CLANG_WARN_ENUM_CONVERSION = YES;
				CLANG_WARN_INT_CONVERSION = YES;
				CLANG_WARN_OBJC_ROOT_CLASS = YES_ERROR;
				CLANG_WARN__DUPLICATE_METHOD_MATCH = YES;
				"CODE_SIGN_IDENTITY[sdk=iphoneos*]" = "iPhone Developer";
				COPY_PHASE_STRIP = YES;
				ENABLE_NS_ASSERTIONS = NO;
				GCC_C_LANGUAGE_STANDARD = gnu99;
				GCC_WARN_64_TO_32_BIT_CONVERSION = YES;
				GCC_WARN_ABOUT_RETURN_TYPE = YES_ERROR;
				GCC_WARN_UNDECLARED_SELECTOR = YES;
				GCC_WARN_UNINITIALIZED_AUTOS = YES;
				GCC_WARN_UNUSED_FUNCTION = YES;
				GCC_WARN_UNUSED_VARIABLE = YES;
				IPHONEOS_DEPLOYMENT_TARGET = 8.0;
				SDKROOT = iphoneos;
				VALIDATE_PRODUCT = YES;
			};
			name = Release;
		};
		0589B131188403FA00DBE642 /* Debug */ = {
			isa = XCBuildConfiguration;
			baseConfigurationReference = F373E19D040F121801F0602B /* Pods.debug.xcconfig */;
			buildSettings = {
				ASSETCATALOG_COMPILER_APPICON_NAME = AppIcon;
				ASSETCATALOG_COMPILER_LAUNCHIMAGE_NAME = LaunchImage;
				"CODE_SIGN_IDENTITY[sdk=iphoneos*]" = "iPhone Developer: TAKERU YOSHIHARA (3ZG8G95HMX)";
				GCC_PRECOMPILE_PREFIX_HEADER = YES;
				GCC_PREFIX_HEADER = "Kuseki/Kuseki-Prefix.pch";
				HEADER_SEARCH_PATHS = (
					"\"/usr/include/libxml2\"",
					"$(inherited)",
					"$(PROJECT_DIR)/Kuseki/Factory",
				);
				INFOPLIST_FILE = "Kuseki/Kuseki-Info.plist";
				IPHONEOS_DEPLOYMENT_TARGET = 7.0;
				LIBRARY_SEARCH_PATHS = (
					"$(inherited)",
					"$(PROJECT_DIR)$(LOCAL_LIBRARY_DIR)/Flurry",
				);
				PRODUCT_BUNDLE_IDENTIFIER = me.mountainboy.Kuseki;
				PRODUCT_NAME = "$(TARGET_NAME)";
				PROVISIONING_PROFILE = "3BCF2ED5-08AA-4E81-BA3A-7554CFCC4CCD";
				TARGETED_DEVICE_FAMILY = 1;
				WRAPPER_EXTENSION = app;
			};
			name = Debug;
		};
		0589B132188403FA00DBE642 /* Release */ = {
			isa = XCBuildConfiguration;
			baseConfigurationReference = C41D9432F35C0553835BE6F9 /* Pods.release.xcconfig */;
			buildSettings = {
				ASSETCATALOG_COMPILER_APPICON_NAME = AppIcon;
				ASSETCATALOG_COMPILER_LAUNCHIMAGE_NAME = LaunchImage;
				"CODE_SIGN_IDENTITY[sdk=iphoneos*]" = "iPhone Developer: TAKERU YOSHIHARA (3ZG8G95HMX)";
				GCC_PRECOMPILE_PREFIX_HEADER = YES;
				GCC_PREFIX_HEADER = "Kuseki/Kuseki-Prefix.pch";
				HEADER_SEARCH_PATHS = (
					"\"/usr/include/libxml2\"",
					"$(inherited)",
					"$(PROJECT_DIR)/Kuseki/Factory",
				);
				INFOPLIST_FILE = "Kuseki/Kuseki-Info.plist";
				IPHONEOS_DEPLOYMENT_TARGET = 7.0;
				LIBRARY_SEARCH_PATHS = (
					"$(inherited)",
					"$(PROJECT_DIR)$(LOCAL_LIBRARY_DIR)/Flurry",
				);
				PRODUCT_BUNDLE_IDENTIFIER = me.mountainboy.Kuseki;
				PRODUCT_NAME = "$(TARGET_NAME)";
				PROVISIONING_PROFILE = "AC4B26BF-3E4C-4E5F-92EB-7EAA574FAFDC";
				TARGETED_DEVICE_FAMILY = 1;
				WRAPPER_EXTENSION = app;
			};
			name = Release;
		};
		0589B134188403FA00DBE642 /* Debug */ = {
			isa = XCBuildConfiguration;
			baseConfigurationReference = F373E19D040F121801F0602B /* Pods.debug.xcconfig */;
			buildSettings = {
				BUNDLE_LOADER = "$(BUILT_PRODUCTS_DIR)/Kuseki.app/Kuseki";
				FRAMEWORK_SEARCH_PATHS = (
					"$(SDKROOT)/Developer/Library/Frameworks",
					"$(inherited)",
					"$(DEVELOPER_FRAMEWORKS_DIR)",
				);
				GCC_PRECOMPILE_PREFIX_HEADER = YES;
				GCC_PREFIX_HEADER = "Kuseki/Kuseki-Prefix.pch";
				GCC_PREPROCESSOR_DEFINITIONS = (
					"DEBUG=1",
					"$(inherited)",
				);
				HEADER_SEARCH_PATHS = (
					"$(inherited)",
					"/Applications/Xcode51-Beta3.app/Contents/Developer/Toolchains/XcodeDefault.xctoolchain/usr/include",
					"\"/usr/include/libxml2\"",
					"$(PROJECT_DIR)/Kuseki/Factory",
				);
				INFOPLIST_FILE = "KusekiTests/KusekiTests-Info.plist";
				LIBRARY_SEARCH_PATHS = "$(inherited)";
				PRODUCT_BUNDLE_IDENTIFIER = "com.mountainboy.${PRODUCT_NAME:rfc1034identifier}";
				PRODUCT_NAME = "$(TARGET_NAME)";
				TEST_HOST = "$(BUNDLE_LOADER)";
				WRAPPER_EXTENSION = xctest;
			};
			name = Debug;
		};
		0589B135188403FA00DBE642 /* Release */ = {
			isa = XCBuildConfiguration;
			baseConfigurationReference = C41D9432F35C0553835BE6F9 /* Pods.release.xcconfig */;
			buildSettings = {
				BUNDLE_LOADER = "$(BUILT_PRODUCTS_DIR)/Kuseki.app/Kuseki";
				FRAMEWORK_SEARCH_PATHS = (
					"$(SDKROOT)/Developer/Library/Frameworks",
					"$(inherited)",
					"$(DEVELOPER_FRAMEWORKS_DIR)",
				);
				GCC_PRECOMPILE_PREFIX_HEADER = YES;
				GCC_PREFIX_HEADER = "Kuseki/Kuseki-Prefix.pch";
				HEADER_SEARCH_PATHS = (
					"$(inherited)",
					"/Applications/Xcode51-Beta3.app/Contents/Developer/Toolchains/XcodeDefault.xctoolchain/usr/include",
					"\"/usr/include/libxml2\"",
					"$(PROJECT_DIR)/Kuseki/Factory",
				);
				INFOPLIST_FILE = "KusekiTests/KusekiTests-Info.plist";
				LIBRARY_SEARCH_PATHS = "$(inherited)";
				PRODUCT_BUNDLE_IDENTIFIER = "com.mountainboy.${PRODUCT_NAME:rfc1034identifier}";
				PRODUCT_NAME = "$(TARGET_NAME)";
				TEST_HOST = "$(BUNDLE_LOADER)";
				WRAPPER_EXTENSION = xctest;
			};
			name = Release;
		};
/* End XCBuildConfiguration section */

/* Begin XCConfigurationList section */
		0589B0F9188403F900DBE642 /* Build configuration list for PBXProject "Kuseki" */ = {
			isa = XCConfigurationList;
			buildConfigurations = (
				0589B12E188403FA00DBE642 /* Debug */,
				0589B12F188403FA00DBE642 /* Release */,
			);
			defaultConfigurationIsVisible = 0;
			defaultConfigurationName = Release;
		};
		0589B130188403FA00DBE642 /* Build configuration list for PBXNativeTarget "Kuseki" */ = {
			isa = XCConfigurationList;
			buildConfigurations = (
				0589B131188403FA00DBE642 /* Debug */,
				0589B132188403FA00DBE642 /* Release */,
			);
			defaultConfigurationIsVisible = 0;
			defaultConfigurationName = Release;
		};
		0589B133188403FA00DBE642 /* Build configuration list for PBXNativeTarget "KusekiTests" */ = {
			isa = XCConfigurationList;
			buildConfigurations = (
				0589B134188403FA00DBE642 /* Debug */,
				0589B135188403FA00DBE642 /* Release */,
			);
			defaultConfigurationIsVisible = 0;
			defaultConfigurationName = Release;
		};
/* End XCConfigurationList section */
	};
	rootObject = 0589B0F6188403F900DBE642 /* Project object */;
}
